
Microsoft Visual Studio Solution File, Format Version 12.00
# Visual Studio Version 17
VisualStudioVersion = 17.0.32112.339
MinimumVisualStudioVersion = 10.0.40219.1
Project("{FAE04EC0-301F-11D3-BF4B-00C04F79EFBC}") = "lab9", "lab9\lab9.csproj", "{BC101B54-6BE6-4D80-BBAD-85934903C512}"
EndProject
Global
	GlobalSection(SolutionConfigurationPlatforms) = preSolution
		Debug|Any CPU = Debug|Any CPU
		Release|Any CPU = Release|Any CPU
	EndGlobalSection
	GlobalSection(ProjectConfigurationPlatforms) = postSolution
		{BC101B54-6BE6-4D80-BBAD-85934903C512}.Debug|Any CPU.ActiveCfg = Debug|Any CPU
		{BC101B54-6BE6-4D80-BBAD-85934903C512}.Debug|Any CPU.Build.0 = Debug|Any CPU
		{BC101B54-6BE6-4D80-BBAD-85934903C512}.Release|Any CPU.ActiveCfg = Release|Any CPU
		{BC101B54-6BE6-4D80-BBAD-85934903C512}.Release|Any CPU.Build.0 = Release|Any CPU
	EndGlobalSection
	GlobalSection(SolutionProperties) = preSolution
		HideSolutionNode = FALSE
	EndGlobalSection
	GlobalSection(ExtensibilityGlobals) = postSolution
		SolutionGuid = {3C0FA750-D1F3-4374-9ADC-1AC1E36E0BC2}
	EndGlobalSection
EndGlobal
